{
  "name": "compl",
  "version": "1.0.0",
  "lockfileVersion": 1,
  "requires": true,
  "dependencies": {
    "complex.js": {
      "version": "2.0.11",
      "resolved": "https://registry.npmjs.org/complex.js/-/complex.js-2.0.11.tgz",
      "integrity": "sha512-6IArJLApNtdg1P1dFtn3dnyzoZBEF0MwMnrfF1exSBRpZYoy4yieMkpZhQDC0uwctw48vii0CFVyHfpgZ/DfGw=="
    },
    "functions": {
      "version": "1.0.9",
      "resolved": "https://registry.npmjs.org/functions/-/functions-1.0.9.tgz",
      "integrity": "sha1-jFUzC61giAxjxOIQdK3VgNrJ/+g="
    }
  }
}
